
Microsoft Visual Studio Solution File, Format Version 12.00
# Visual Studio Version 17
VisualStudioVersion = 17.0.31903.59
MinimumVisualStudioVersion = 10.0.40219.1
Project("{FAE04EC0-301F-11D3-BF4B-00C04F79EFBC}") = "max-consecutive-ones", "max-consecutive-ones\max-consecutive-ones.csproj", "{4B981940-F53E-453B-871B-F0A50CAFE9CD}"
EndProject
Global
	GlobalSection(SolutionConfigurationPlatforms) = preSolution
		Debug|Any CPU = Debug|Any CPU
		Release|Any CPU = Release|Any CPU
	EndGlobalSection
	GlobalSection(SolutionProperties) = preSolution
		HideSolutionNode = FALSE
	EndGlobalSection
	GlobalSection(ProjectConfigurationPlatforms) = postSolution
		{4B981940-F53E-453B-871B-F0A50CAFE9CD}.Debug|Any CPU.ActiveCfg = Debug|Any CPU
		{4B981940-F53E-453B-871B-F0A50CAFE9CD}.Debug|Any CPU.Build.0 = Debug|Any CPU
		{4B981940-F53E-453B-871B-F0A50CAFE9CD}.Release|Any CPU.ActiveCfg = Release|Any CPU
		{4B981940-F53E-453B-871B-F0A50CAFE9CD}.Release|Any CPU.Build.0 = Release|Any CPU
	EndGlobalSection
EndGlobal
